
Microsoft Visual Studio Solution File, Format Version 12.00
# Visual Studio Version 17
VisualStudioVersion = 17.14.36408.4 d17.14
MinimumVisualStudioVersion = 10.0.40219.1
Project("{FAE04EC0-301F-11D3-BF4B-00C04F79EFBC}") = "WText", "WText.csproj", "{17968011-E0CB-4E87-AD96-2C376D657241}"
EndProject
Global
	GlobalSection(SolutionConfigurationPlatforms) = preSolution
		Debug|Any CPU = Debug|Any CPU
		Release|Any CPU = Release|Any CPU
	EndGlobalSection
	GlobalSection(ProjectConfigurationPlatforms) = postSolution
		{17968011-E0CB-4E87-AD96-2C376D657241}.Debug|Any CPU.ActiveCfg = Debug|Any CPU
		{17968011-E0CB-4E87-AD96-2C376D657241}.Debug|Any CPU.Build.0 = Debug|Any CPU
		{17968011-E0CB-4E87-AD96-2C376D657241}.Release|Any CPU.ActiveCfg = Release|Any CPU
		{17968011-E0CB-4E87-AD96-2C376D657241}.Release|Any CPU.Build.0 = Release|Any CPU
	EndGlobalSection
	GlobalSection(SolutionProperties) = preSolution
		HideSolutionNode = FALSE
	EndGlobalSection
	GlobalSection(ExtensibilityGlobals) = postSolution
		SolutionGuid = {431456C4-E779-4EF6-8137-8DFA3EBF3F5E}
	EndGlobalSection
EndGlobal
